
Microsoft Visual Studio Solution File, Format Version 12.00
# Visual Studio Version 16
VisualStudioVersion = 16.0.30907.101
MinimumVisualStudioVersion = 10.0.40219.1
Project("{FAE04EC0-301F-11D3-BF4B-00C04F79EFBC}") = "task", "task\task.csproj", "{12CD3003-4BB5-4E96-B26E-B3715340924D}"
EndProject
Global
	GlobalSection(SolutionConfigurationPlatforms) = preSolution
		Debug|Any CPU = Debug|Any CPU
		Release|Any CPU = Release|Any CPU
	EndGlobalSection
	GlobalSection(ProjectConfigurationPlatforms) = postSolution
		{12CD3003-4BB5-4E96-B26E-B3715340924D}.Debug|Any CPU.ActiveCfg = Debug|Any CPU
		{12CD3003-4BB5-4E96-B26E-B3715340924D}.Debug|Any CPU.Build.0 = Debug|Any CPU
		{12CD3003-4BB5-4E96-B26E-B3715340924D}.Release|Any CPU.ActiveCfg = Release|Any CPU
		{12CD3003-4BB5-4E96-B26E-B3715340924D}.Release|Any CPU.Build.0 = Release|Any CPU
	EndGlobalSection
	GlobalSection(SolutionProperties) = preSolution
		HideSolutionNode = FALSE
	EndGlobalSection
	GlobalSection(ExtensibilityGlobals) = postSolution
		SolutionGuid = {C5B0999A-F6C1-4D47-AA0A-10E6A9A1B9B1}
	EndGlobalSection
EndGlobal
