
Microsoft Visual Studio Solution File, Format Version 12.00
# Visual Studio Version 16
VisualStudioVersion = 16.0.30907.101
MinimumVisualStudioVersion = 10.0.40219.1
Project("{FAE04EC0-301F-11D3-BF4B-00C04F79EFBC}") = "unique element", "unique element\unique element.csproj", "{7897D7DB-855B-495C-B272-9D326F64EEFC}"
EndProject
Global
	GlobalSection(SolutionConfigurationPlatforms) = preSolution
		Debug|Any CPU = Debug|Any CPU
		Release|Any CPU = Release|Any CPU
	EndGlobalSection
	GlobalSection(ProjectConfigurationPlatforms) = postSolution
		{7897D7DB-855B-495C-B272-9D326F64EEFC}.Debug|Any CPU.ActiveCfg = Debug|Any CPU
		{7897D7DB-855B-495C-B272-9D326F64EEFC}.Debug|Any CPU.Build.0 = Debug|Any CPU
		{7897D7DB-855B-495C-B272-9D326F64EEFC}.Release|Any CPU.ActiveCfg = Release|Any CPU
		{7897D7DB-855B-495C-B272-9D326F64EEFC}.Release|Any CPU.Build.0 = Release|Any CPU
	EndGlobalSection
	GlobalSection(SolutionProperties) = preSolution
		HideSolutionNode = FALSE
	EndGlobalSection
	GlobalSection(ExtensibilityGlobals) = postSolution
		SolutionGuid = {F5DE93E0-6F9A-4EF4-8AE5-8EAA2694BA14}
	EndGlobalSection
EndGlobal
