
Microsoft Visual Studio Solution File, Format Version 12.00
# Visual Studio Version 16
VisualStudioVersion = 16.0.31005.135
MinimumVisualStudioVersion = 10.0.40219.1
Project("{FAE04EC0-301F-11D3-BF4B-00C04F79EFBC}") = "Account", "Account\Account.csproj", "{F3A124CB-C03C-4B49-8E0C-9D167B679073}"
EndProject
Global
	GlobalSection(SolutionConfigurationPlatforms) = preSolution
		Debug|Any CPU = Debug|Any CPU
		Release|Any CPU = Release|Any CPU
	EndGlobalSection
	GlobalSection(ProjectConfigurationPlatforms) = postSolution
		{F3A124CB-C03C-4B49-8E0C-9D167B679073}.Debug|Any CPU.ActiveCfg = Debug|Any CPU
		{F3A124CB-C03C-4B49-8E0C-9D167B679073}.Debug|Any CPU.Build.0 = Debug|Any CPU
		{F3A124CB-C03C-4B49-8E0C-9D167B679073}.Release|Any CPU.ActiveCfg = Release|Any CPU
		{F3A124CB-C03C-4B49-8E0C-9D167B679073}.Release|Any CPU.Build.0 = Release|Any CPU
	EndGlobalSection
	GlobalSection(SolutionProperties) = preSolution
		HideSolutionNode = FALSE
	EndGlobalSection
	GlobalSection(ExtensibilityGlobals) = postSolution
		SolutionGuid = {293C1FE3-9E06-498E-A727-149249986C2A}
	EndGlobalSection
EndGlobal
