
Microsoft Visual Studio Solution File, Format Version 12.00
# Visual Studio Version 16
VisualStudioVersion = 16.0.30907.101
MinimumVisualStudioVersion = 10.0.40219.1
Project("{FAE04EC0-301F-11D3-BF4B-00C04F79EFBC}") = "sum odd and even", "sum odd and even\sum odd and even.csproj", "{028CCE72-9CD6-461F-A9BA-4553E5120ECA}"
EndProject
Global
	GlobalSection(SolutionConfigurationPlatforms) = preSolution
		Debug|Any CPU = Debug|Any CPU
		Release|Any CPU = Release|Any CPU
	EndGlobalSection
	GlobalSection(ProjectConfigurationPlatforms) = postSolution
		{028CCE72-9CD6-461F-A9BA-4553E5120ECA}.Debug|Any CPU.ActiveCfg = Debug|Any CPU
		{028CCE72-9CD6-461F-A9BA-4553E5120ECA}.Debug|Any CPU.Build.0 = Debug|Any CPU
		{028CCE72-9CD6-461F-A9BA-4553E5120ECA}.Release|Any CPU.ActiveCfg = Release|Any CPU
		{028CCE72-9CD6-461F-A9BA-4553E5120ECA}.Release|Any CPU.Build.0 = Release|Any CPU
	EndGlobalSection
	GlobalSection(SolutionProperties) = preSolution
		HideSolutionNode = FALSE
	EndGlobalSection
	GlobalSection(ExtensibilityGlobals) = postSolution
		SolutionGuid = {F2326D37-C998-40FD-94F8-DC456212669C}
	EndGlobalSection
EndGlobal
