
Microsoft Visual Studio Solution File, Format Version 12.00
# Visual Studio Version 16
VisualStudioVersion = 16.0.30907.101
MinimumVisualStudioVersion = 10.0.40219.1
Project("{FAE04EC0-301F-11D3-BF4B-00C04F79EFBC}") = "Print 1 to n", "Print 1 to n\Print 1 to n.csproj", "{6F560A05-33FF-4693-8DC6-21CE924F1FD2}"
EndProject
Global
	GlobalSection(SolutionConfigurationPlatforms) = preSolution
		Debug|Any CPU = Debug|Any CPU
		Release|Any CPU = Release|Any CPU
	EndGlobalSection
	GlobalSection(ProjectConfigurationPlatforms) = postSolution
		{6F560A05-33FF-4693-8DC6-21CE924F1FD2}.Debug|Any CPU.ActiveCfg = Debug|Any CPU
		{6F560A05-33FF-4693-8DC6-21CE924F1FD2}.Debug|Any CPU.Build.0 = Debug|Any CPU
		{6F560A05-33FF-4693-8DC6-21CE924F1FD2}.Release|Any CPU.ActiveCfg = Release|Any CPU
		{6F560A05-33FF-4693-8DC6-21CE924F1FD2}.Release|Any CPU.Build.0 = Release|Any CPU
	EndGlobalSection
	GlobalSection(SolutionProperties) = preSolution
		HideSolutionNode = FALSE
	EndGlobalSection
	GlobalSection(ExtensibilityGlobals) = postSolution
		SolutionGuid = {FC3CA8C1-3727-4015-AA18-4C193B7DD05F}
	EndGlobalSection
EndGlobal
