
Microsoft Visual Studio Solution File, Format Version 12.00
# Visual Studio Version 16
VisualStudioVersion = 16.0.30907.101
MinimumVisualStudioVersion = 10.0.40219.1
Project("{FAE04EC0-301F-11D3-BF4B-00C04F79EFBC}") = "copy array element", "copy array element\copy array element.csproj", "{3A1C2045-4784-47F4-AF11-B3ACA9D6EF8D}"
EndProject
Global
	GlobalSection(SolutionConfigurationPlatforms) = preSolution
		Debug|Any CPU = Debug|Any CPU
		Release|Any CPU = Release|Any CPU
	EndGlobalSection
	GlobalSection(ProjectConfigurationPlatforms) = postSolution
		{3A1C2045-4784-47F4-AF11-B3ACA9D6EF8D}.Debug|Any CPU.ActiveCfg = Debug|Any CPU
		{3A1C2045-4784-47F4-AF11-B3ACA9D6EF8D}.Debug|Any CPU.Build.0 = Debug|Any CPU
		{3A1C2045-4784-47F4-AF11-B3ACA9D6EF8D}.Release|Any CPU.ActiveCfg = Release|Any CPU
		{3A1C2045-4784-47F4-AF11-B3ACA9D6EF8D}.Release|Any CPU.Build.0 = Release|Any CPU
	EndGlobalSection
	GlobalSection(SolutionProperties) = preSolution
		HideSolutionNode = FALSE
	EndGlobalSection
	GlobalSection(ExtensibilityGlobals) = postSolution
		SolutionGuid = {8EE5672F-8780-496C-B0C4-9510846CB1E6}
	EndGlobalSection
EndGlobal
